
Microsoft Visual Studio Solution File, Format Version 12.00
# Visual Studio Version 17
VisualStudioVersion = 17.0.31903.59
MinimumVisualStudioVersion = 10.0.40219.1
Project("{2150E333-8FDC-42A3-9474-1A3956D46DE8}") = "src", "src", "{C68ECA19-44DF-410E-955B-EF0E1C69F463}"
EndProject
Project("{2150E333-8FDC-42A3-9474-1A3956D46DE8}") = "caching", "caching", "{BCB5C20D-45A8-4441-993B-633D236FB959}"
EndProject
Project("{FAE04EC0-301F-11D3-BF4B-00C04F79EFBC}") = "Jaina.Caching.Fusion", "src\caching\Jaina.Caching.Fusion\Jaina.Caching.Fusion.csproj", "{6CCF6D6B-1852-4DEA-8E5C-940EF980CD97}"
EndProject
Project("{FAE04EC0-301F-11D3-BF4B-00C04F79EFBC}") = "Jaina.Caching.Memory", "src\caching\Jaina.Caching.Memory\Jaina.Caching.Memory.csproj", "{ACFC1FC5-26ED-4F1E-BEE4-990E1446F146}"
EndProject
Project("{FAE04EC0-301F-11D3-BF4B-00C04F79EFBC}") = "Jaina.Caching.Redis", "src\caching\Jaina.Caching.Redis\Jaina.Caching.Redis.csproj", "{F338BF43-7D5D-4BF6-BBAC-9BE00C8112FF}"
EndProject
Project("{FAE04EC0-301F-11D3-BF4B-00C04F79EFBC}") = "Jaina.Caching", "src\caching\Jaina.Caching\Jaina.Caching.csproj", "{6734247F-8DAA-4E58-970A-B85888AC57F2}"
EndProject
Project("{2150E333-8FDC-42A3-9474-1A3956D46DE8}") = "core", "core", "{0775F0FA-16F7-4BB6-B68A-C0B441930FB7}"
EndProject
Project("{FAE04EC0-301F-11D3-BF4B-00C04F79EFBC}") = "Jaina.Core", "src\core\Jaina.Core\Jaina.Core.csproj", "{EAED8A2F-17D6-4BCD-99CC-91327A114CBC}"
EndProject
Project("{2150E333-8FDC-42A3-9474-1A3956D46DE8}") = "data", "data", "{007581B6-3272-485A-850D-7BC673CD7469}"
EndProject
Project("{FAE04EC0-301F-11D3-BF4B-00C04F79EFBC}") = "Jaina.Data.Cqrs", "src\data\Jaina.Data.Cqrs\Jaina.Data.Cqrs.csproj", "{53DC0AC0-213F-4EE7-9200-7DA5EE578FE4}"
EndProject
Project("{FAE04EC0-301F-11D3-BF4B-00C04F79EFBC}") = "Jaina.Data", "src\data\Jaina.Data\Jaina.Data.csproj", "{C512B796-FF34-4B9E-8BA2-3F5F03FC0C4C}"
EndProject
Project("{2150E333-8FDC-42A3-9474-1A3956D46DE8}") = "observability", "observability", "{055CE5F3-B388-41D3-B212-A0B4E3823703}"
EndProject
Project("{FAE04EC0-301F-11D3-BF4B-00C04F79EFBC}") = "Jaina.Observability.ApplicationInsights", "src\observability\Jaina.Observability.ApplicationInsights\Jaina.Observability.ApplicationInsights.csproj", "{A620712D-AA05-4B9A-ACE2-28936CD1EE03}"
EndProject
Project("{FAE04EC0-301F-11D3-BF4B-00C04F79EFBC}") = "Jaina.Observability.ElasticApm", "src\observability\Jaina.Observability.ElasticApm\Jaina.Observability.ElasticApm.csproj", "{CC846ECE-71C3-412D-AA90-7A45C0BBD572}"
EndProject
Project("{FAE04EC0-301F-11D3-BF4B-00C04F79EFBC}") = "Jaina.Observability", "src\observability\Jaina.Observability\Jaina.Observability.csproj", "{F15D869D-60BA-4510-B7A0-10B95E4C05C8}"
EndProject
Project("{2150E333-8FDC-42A3-9474-1A3956D46DE8}") = "messaging", "messaging", "{82D5A227-3184-4519-90F5-2DC12C4F0F4F}"
EndProject
Project("{FAE04EC0-301F-11D3-BF4B-00C04F79EFBC}") = "Jaina.Messaging.AzureServiceBus", "src\messaging\Jaina.Messaging.AzureServiceBus\Jaina.Messaging.AzureServiceBus.csproj", "{258A34EF-0098-49BC-BFC7-D5BC72083951}"
EndProject
Project("{FAE04EC0-301F-11D3-BF4B-00C04F79EFBC}") = "Jaina.Messaging.Broadcast", "src\messaging\Jaina.Messaging.Broadcast\Jaina.Messaging.Broadcast.csproj", "{67CD4162-D481-43CA-9C5D-4C9D787AB44C}"
EndProject
Project("{FAE04EC0-301F-11D3-BF4B-00C04F79EFBC}") = "Jaina.Messaging.RabbitMQ", "src\messaging\Jaina.Messaging.RabbitMQ\Jaina.Messaging.RabbitMQ.csproj", "{3987A916-4230-4C37-B744-DA6EE785910E}"
EndProject
Project("{FAE04EC0-301F-11D3-BF4B-00C04F79EFBC}") = "Jaina.Messaging", "src\messaging\Jaina.Messaging\Jaina.Messaging.csproj", "{B0F3280B-EE38-4E47-B2FD-CAAF41659043}"
EndProject
Project("{2150E333-8FDC-42A3-9474-1A3956D46DE8}") = "notifications", "notifications", "{3A8DA344-62F8-48E8-A781-DFB94D13F46A}"
EndProject
Project("{FAE04EC0-301F-11D3-BF4B-00C04F79EFBC}") = "Jaina.Notifications", "src\notifications\Jaina.Notifications\Jaina.Notifications.csproj", "{2FA71ED5-DBF6-4700-BB7E-C708017A3CFE}"
EndProject
Project("{2150E333-8FDC-42A3-9474-1A3956D46DE8}") = "security", "security", "{2CF192C1-2D5F-4449-96E5-92725AFDBC73}"
EndProject
Project("{FAE04EC0-301F-11D3-BF4B-00C04F79EFBC}") = "Jaina.Security.Authentication.Client", "src\security\Jaina.Security.Authentication.Client\Jaina.Security.Authentication.Client.csproj", "{61D95111-29A8-49AD-A28E-07B43B8266CF}"
EndProject
Project("{FAE04EC0-301F-11D3-BF4B-00C04F79EFBC}") = "Jaina.Security.Authentication", "src\security\Jaina.Security.Authentication\Jaina.Security.Authentication.csproj", "{A203E69A-2C31-4BB9-BE62-D27481C3F0C7}"
EndProject
Project("{FAE04EC0-301F-11D3-BF4B-00C04F79EFBC}") = "Jaina.Security.KeyVault", "src\security\Jaina.Security.KeyVault\Jaina.Security.KeyVault.csproj", "{D9B62A01-5F65-4778-AF4A-A92C9509369F}"
EndProject
Project("{FAE04EC0-301F-11D3-BF4B-00C04F79EFBC}") = "Jaina.Security", "src\security\Jaina.Security\Jaina.Security.csproj", "{FF6D5823-C858-4B17-9195-54CBE2EF7C21}"
EndProject
Project("{2150E333-8FDC-42A3-9474-1A3956D46DE8}") = "storage", "storage", "{DAEE0269-B957-4FC1-8EC6-718E260A6EA2}"
EndProject
Project("{FAE04EC0-301F-11D3-BF4B-00C04F79EFBC}") = "Jaina.Storage.AzureBlob", "src\storage\Jaina.Storage.AzureBlob\Jaina.Storage.AzureBlob.csproj", "{F338D4D7-75B5-4074-89CC-2334200F1EAF}"
EndProject
Project("{FAE04EC0-301F-11D3-BF4B-00C04F79EFBC}") = "Jaina.Storage.AzureFileShare", "src\storage\Jaina.Storage.AzureFileShare\Jaina.Storage.AzureFileShare.csproj", "{3800E57B-24C5-4476-AA3D-BA9F70F1B04C}"
EndProject
Project("{FAE04EC0-301F-11D3-BF4B-00C04F79EFBC}") = "Jaina.Storage.Compression", "src\storage\Jaina.Storage.Compression\Jaina.Storage.Compression.csproj", "{4E14D583-7107-4736-B16C-1C2C50795DEE}"
EndProject
Project("{FAE04EC0-301F-11D3-BF4B-00C04F79EFBC}") = "Jaina.Storage.Local", "src\storage\Jaina.Storage.Local\Jaina.Storage.Local.csproj", "{5FC36F69-7AE7-4DC3-BE84-323BB06F59C0}"
EndProject
Project("{FAE04EC0-301F-11D3-BF4B-00C04F79EFBC}") = "Jaina.Storage.Sftp", "src\storage\Jaina.Storage.Sftp\Jaina.Storage.Sftp.csproj", "{39C781EC-CCAC-492B-BF8A-1CE4B8E4A59E}"
EndProject
Project("{FAE04EC0-301F-11D3-BF4B-00C04F79EFBC}") = "Jaina.Storage", "src\storage\Jaina.Storage\Jaina.Storage.csproj", "{10AF60DA-168C-4CF7-AEE7-1F16B86A1282}"
EndProject
Project("{2150E333-8FDC-42A3-9474-1A3956D46DE8}") = "samples", "samples", "{1DD90D70-65E2-4665-B813-8EF24407CF7F}"
EndProject
Project("{FAE04EC0-301F-11D3-BF4B-00C04F79EFBC}") = "Jaina.Samples.AppHost", "samples\Jaina.Samples.AppHost\Jaina.Samples.AppHost.csproj", "{82AC652A-5491-44B1-8237-FBC11D1AA1B2}"
EndProject
Project("{FAE04EC0-301F-11D3-BF4B-00C04F79EFBC}") = "Jaina.Samples.ServiceDefaults", "samples\Jaina.Samples.ServiceDefaults\Jaina.Samples.ServiceDefaults.csproj", "{C9F5C495-5A0C-4558-ACE9-1465A073FFB9}"
EndProject
Project("{FAE04EC0-301F-11D3-BF4B-00C04F79EFBC}") = "Jaina.Samples.WebApi", "samples\Jaina.Samples.WebApi\Jaina.Samples.WebApi.csproj", "{E5C23FBE-80B7-4EEA-A240-3E9A8DDF67CB}"
EndProject
Project("{FAE04EC0-301F-11D3-BF4B-00C04F79EFBC}") = "Jaina.Samples.Worker", "samples\Jaina.Samples.Worker\Jaina.Samples.Worker.csproj", "{BA6D31B6-5798-498B-83F2-D97B59063187}"
EndProject
Project("{2150E333-8FDC-42A3-9474-1A3956D46DE8}") = "tests", "tests", "{AF37749E-C656-454F-9F88-7F91491175D4}"
EndProject
Project("{FAE04EC0-301F-11D3-BF4B-00C04F79EFBC}") = "Jaina.Core.Tests", "tests\Jaina.Core.Tests\Jaina.Core.Tests.csproj", "{E74D049B-2196-4CDD-89B6-7C8442A4CDA9}"
EndProject
Project("{FAE04EC0-301F-11D3-BF4B-00C04F79EFBC}") = "Jaina.Caching.Tests", "tests\Jaina.Caching.Tests\Jaina.Caching.Tests.csproj", "{BAEE3763-0B7F-4987-8F57-4B36C3FD146A}"
EndProject
Project("{FAE04EC0-301F-11D3-BF4B-00C04F79EFBC}") = "Jaina.Security.Tests", "tests\Jaina.Security.Tests\Jaina.Security.Tests.csproj", "{91FB0A86-AAD3-4310-B077-EC559DC36660}"
EndProject
Project("{FAE04EC0-301F-11D3-BF4B-00C04F79EFBC}") = "Jaina.Data.Cqrs.Tests", "tests\Jaina.Data.Cqrs.Tests\Jaina.Data.Cqrs.Tests.csproj", "{B3E02260-AEC6-499D-97DB-B692BECB3F3C}"
EndProject
Project("{2150E333-8FDC-42A3-9474-1A3956D46DE8}") = "data", "data", "{6D20B757-50AA-4682-A443-0C5F2FCBC3DE}"
EndProject
Project("{FAE04EC0-301F-11D3-BF4B-00C04F79EFBC}") = "Jaina.Data.EfCore", "src\data\Jaina.Data.EfCore\Jaina.Data.EfCore.csproj", "{445165FA-47CB-4C89-8B25-7CB16767DCB6}"
EndProject
Project("{FAE04EC0-301F-11D3-BF4B-00C04F79EFBC}") = "Jaina.Data.Dapper", "src\data\Jaina.Data.Dapper\Jaina.Data.Dapper.csproj", "{3B79EAA1-E805-4C3E-A83B-32A379A31E81}"
EndProject
Project("{2150E333-8FDC-42A3-9474-1A3956D46DE8}") = "notifications", "notifications", "{664531B1-962E-46C9-B080-F5E89A1E6E53}"
EndProject
Project("{FAE04EC0-301F-11D3-BF4B-00C04F79EFBC}") = "Jaina.Notifications.Smtp", "src\notifications\Jaina.Notifications.Smtp\Jaina.Notifications.Smtp.csproj", "{2BA1BD6F-0C9A-477D-BC44-6E6C5F138B59}"
EndProject
Project("{FAE04EC0-301F-11D3-BF4B-00C04F79EFBC}") = "Jaina.Notifications.ConsoleSms", "src\notifications\Jaina.Notifications.ConsoleSms\Jaina.Notifications.ConsoleSms.csproj", "{1185371D-F9AD-459B-8E80-CFFB337BCD24}"
EndProject
Project("{2150E333-8FDC-42A3-9474-1A3956D46DE8}") = "mapping", "mapping", "{709B3098-DCAC-4140-8A95-49B709F44D0E}"
EndProject
Project("{FAE04EC0-301F-11D3-BF4B-00C04F79EFBC}") = "Jaina.Mapping", "src\mapping\Jaina.Mapping\Jaina.Mapping.csproj", "{BAF5AD4C-9E99-4398-BA7D-804606D56F18}"
EndProject
Project("{FAE04EC0-301F-11D3-BF4B-00C04F79EFBC}") = "Jaina.Mapping.Mapster", "src\mapping\Jaina.Mapping.Mapster\Jaina.Mapping.Mapster.csproj", "{71803C2D-169B-4424-8273-D1A784372D36}"
EndProject
Project("{2150E333-8FDC-42A3-9474-1A3956D46DE8}") = "aspnetcore", "aspnetcore", "{821B54DA-2379-4849-AEF5-B6F333C613CC}"
EndProject
Project("{FAE04EC0-301F-11D3-BF4B-00C04F79EFBC}") = "Jaina.AspNetCore", "src\aspnetcore\Jaina.AspNetCore\Jaina.AspNetCore.csproj", "{2DEBE708-7AAC-46CB-BE52-2FD0E2658F34}"
EndProject
Global
	GlobalSection(SolutionConfigurationPlatforms) = preSolution
		Debug|Any CPU = Debug|Any CPU
		Release|Any CPU = Release|Any CPU
	EndGlobalSection
	GlobalSection(SolutionProperties) = preSolution
		HideSolutionNode = FALSE
	EndGlobalSection
	GlobalSection(ProjectConfigurationPlatforms) = postSolution
		{6CCF6D6B-1852-4DEA-8E5C-940EF980CD97}.Debug|Any CPU.ActiveCfg = Debug|Any CPU
		{6CCF6D6B-1852-4DEA-8E5C-940EF980CD97}.Debug|Any CPU.Build.0 = Debug|Any CPU
		{6CCF6D6B-1852-4DEA-8E5C-940EF980CD97}.Release|Any CPU.ActiveCfg = Release|Any CPU
		{6CCF6D6B-1852-4DEA-8E5C-940EF980CD97}.Release|Any CPU.Build.0 = Release|Any CPU
		{ACFC1FC5-26ED-4F1E-BEE4-990E1446F146}.Debug|Any CPU.ActiveCfg = Debug|Any CPU
		{ACFC1FC5-26ED-4F1E-BEE4-990E1446F146}.Debug|Any CPU.Build.0 = Debug|Any CPU
		{ACFC1FC5-26ED-4F1E-BEE4-990E1446F146}.Release|Any CPU.ActiveCfg = Release|Any CPU
		{ACFC1FC5-26ED-4F1E-BEE4-990E1446F146}.Release|Any CPU.Build.0 = Release|Any CPU
		{F338BF43-7D5D-4BF6-BBAC-9BE00C8112FF}.Debug|Any CPU.ActiveCfg = Debug|Any CPU
		{F338BF43-7D5D-4BF6-BBAC-9BE00C8112FF}.Debug|Any CPU.Build.0 = Debug|Any CPU
		{F338BF43-7D5D-4BF6-BBAC-9BE00C8112FF}.Release|Any CPU.ActiveCfg = Release|Any CPU
		{F338BF43-7D5D-4BF6-BBAC-9BE00C8112FF}.Release|Any CPU.Build.0 = Release|Any CPU
		{6734247F-8DAA-4E58-970A-B85888AC57F2}.Debug|Any CPU.ActiveCfg = Debug|Any CPU
		{6734247F-8DAA-4E58-970A-B85888AC57F2}.Debug|Any CPU.Build.0 = Debug|Any CPU
		{6734247F-8DAA-4E58-970A-B85888AC57F2}.Release|Any CPU.ActiveCfg = Release|Any CPU
		{6734247F-8DAA-4E58-970A-B85888AC57F2}.Release|Any CPU.Build.0 = Release|Any CPU
		{EAED8A2F-17D6-4BCD-99CC-91327A114CBC}.Debug|Any CPU.ActiveCfg = Debug|Any CPU
		{EAED8A2F-17D6-4BCD-99CC-91327A114CBC}.Debug|Any CPU.Build.0 = Debug|Any CPU
		{EAED8A2F-17D6-4BCD-99CC-91327A114CBC}.Release|Any CPU.ActiveCfg = Release|Any CPU
		{EAED8A2F-17D6-4BCD-99CC-91327A114CBC}.Release|Any CPU.Build.0 = Release|Any CPU
		{53DC0AC0-213F-4EE7-9200-7DA5EE578FE4}.Debug|Any CPU.ActiveCfg = Debug|Any CPU
		{53DC0AC0-213F-4EE7-9200-7DA5EE578FE4}.Debug|Any CPU.Build.0 = Debug|Any CPU
		{53DC0AC0-213F-4EE7-9200-7DA5EE578FE4}.Release|Any CPU.ActiveCfg = Release|Any CPU
		{53DC0AC0-213F-4EE7-9200-7DA5EE578FE4}.Release|Any CPU.Build.0 = Release|Any CPU
		{C512B796-FF34-4B9E-8BA2-3F5F03FC0C4C}.Debug|Any CPU.ActiveCfg = Debug|Any CPU
		{C512B796-FF34-4B9E-8BA2-3F5F03FC0C4C}.Debug|Any CPU.Build.0 = Debug|Any CPU
		{C512B796-FF34-4B9E-8BA2-3F5F03FC0C4C}.Release|Any CPU.ActiveCfg = Release|Any CPU
		{C512B796-FF34-4B9E-8BA2-3F5F03FC0C4C}.Release|Any CPU.Build.0 = Release|Any CPU
		{A620712D-AA05-4B9A-ACE2-28936CD1EE03}.Debug|Any CPU.ActiveCfg = Debug|Any CPU
		{A620712D-AA05-4B9A-ACE2-28936CD1EE03}.Debug|Any CPU.Build.0 = Debug|Any CPU
		{A620712D-AA05-4B9A-ACE2-28936CD1EE03}.Release|Any CPU.ActiveCfg = Release|Any CPU
		{A620712D-AA05-4B9A-ACE2-28936CD1EE03}.Release|Any CPU.Build.0 = Release|Any CPU
		{CC846ECE-71C3-412D-AA90-7A45C0BBD572}.Debug|Any CPU.ActiveCfg = Debug|Any CPU
		{CC846ECE-71C3-412D-AA90-7A45C0BBD572}.Debug|Any CPU.Build.0 = Debug|Any CPU
		{CC846ECE-71C3-412D-AA90-7A45C0BBD572}.Release|Any CPU.ActiveCfg = Release|Any CPU
		{CC846ECE-71C3-412D-AA90-7A45C0BBD572}.Release|Any CPU.Build.0 = Release|Any CPU
		{F15D869D-60BA-4510-B7A0-10B95E4C05C8}.Debug|Any CPU.ActiveCfg = Debug|Any CPU
		{F15D869D-60BA-4510-B7A0-10B95E4C05C8}.Debug|Any CPU.Build.0 = Debug|Any CPU
		{F15D869D-60BA-4510-B7A0-10B95E4C05C8}.Release|Any CPU.ActiveCfg = Release|Any CPU
		{F15D869D-60BA-4510-B7A0-10B95E4C05C8}.Release|Any CPU.Build.0 = Release|Any CPU
		{258A34EF-0098-49BC-BFC7-D5BC72083951}.Debug|Any CPU.ActiveCfg = Debug|Any CPU
		{258A34EF-0098-49BC-BFC7-D5BC72083951}.Debug|Any CPU.Build.0 = Debug|Any CPU
		{258A34EF-0098-49BC-BFC7-D5BC72083951}.Release|Any CPU.ActiveCfg = Release|Any CPU
		{258A34EF-0098-49BC-BFC7-D5BC72083951}.Release|Any CPU.Build.0 = Release|Any CPU
		{67CD4162-D481-43CA-9C5D-4C9D787AB44C}.Debug|Any CPU.ActiveCfg = Debug|Any CPU
		{67CD4162-D481-43CA-9C5D-4C9D787AB44C}.Debug|Any CPU.Build.0 = Debug|Any CPU
		{67CD4162-D481-43CA-9C5D-4C9D787AB44C}.Release|Any CPU.ActiveCfg = Release|Any CPU
		{67CD4162-D481-43CA-9C5D-4C9D787AB44C}.Release|Any CPU.Build.0 = Release|Any CPU
		{3987A916-4230-4C37-B744-DA6EE785910E}.Debug|Any CPU.ActiveCfg = Debug|Any CPU
		{3987A916-4230-4C37-B744-DA6EE785910E}.Debug|Any CPU.Build.0 = Debug|Any CPU
		{3987A916-4230-4C37-B744-DA6EE785910E}.Release|Any CPU.ActiveCfg = Release|Any CPU
		{3987A916-4230-4C37-B744-DA6EE785910E}.Release|Any CPU.Build.0 = Release|Any CPU
		{B0F3280B-EE38-4E47-B2FD-CAAF41659043}.Debug|Any CPU.ActiveCfg = Debug|Any CPU
		{B0F3280B-EE38-4E47-B2FD-CAAF41659043}.Debug|Any CPU.Build.0 = Debug|Any CPU
		{B0F3280B-EE38-4E47-B2FD-CAAF41659043}.Release|Any CPU.ActiveCfg = Release|Any CPU
		{B0F3280B-EE38-4E47-B2FD-CAAF41659043}.Release|Any CPU.Build.0 = Release|Any CPU
		{2FA71ED5-DBF6-4700-BB7E-C708017A3CFE}.Debug|Any CPU.ActiveCfg = Debug|Any CPU
		{2FA71ED5-DBF6-4700-BB7E-C708017A3CFE}.Debug|Any CPU.Build.0 = Debug|Any CPU
		{2FA71ED5-DBF6-4700-BB7E-C708017A3CFE}.Release|Any CPU.ActiveCfg = Release|Any CPU
		{2FA71ED5-DBF6-4700-BB7E-C708017A3CFE}.Release|Any CPU.Build.0 = Release|Any CPU
		{61D95111-29A8-49AD-A28E-07B43B8266CF}.Debug|Any CPU.ActiveCfg = Debug|Any CPU
		{61D95111-29A8-49AD-A28E-07B43B8266CF}.Debug|Any CPU.Build.0 = Debug|Any CPU
		{61D95111-29A8-49AD-A28E-07B43B8266CF}.Release|Any CPU.ActiveCfg = Release|Any CPU
		{61D95111-29A8-49AD-A28E-07B43B8266CF}.Release|Any CPU.Build.0 = Release|Any CPU
		{A203E69A-2C31-4BB9-BE62-D27481C3F0C7}.Debug|Any CPU.ActiveCfg = Debug|Any CPU
		{A203E69A-2C31-4BB9-BE62-D27481C3F0C7}.Debug|Any CPU.Build.0 = Debug|Any CPU
		{A203E69A-2C31-4BB9-BE62-D27481C3F0C7}.Release|Any CPU.ActiveCfg = Release|Any CPU
		{A203E69A-2C31-4BB9-BE62-D27481C3F0C7}.Release|Any CPU.Build.0 = Release|Any CPU
		{D9B62A01-5F65-4778-AF4A-A92C9509369F}.Debug|Any CPU.ActiveCfg = Debug|Any CPU
		{D9B62A01-5F65-4778-AF4A-A92C9509369F}.Debug|Any CPU.Build.0 = Debug|Any CPU
		{D9B62A01-5F65-4778-AF4A-A92C9509369F}.Release|Any CPU.ActiveCfg = Release|Any CPU
		{D9B62A01-5F65-4778-AF4A-A92C9509369F}.Release|Any CPU.Build.0 = Release|Any CPU
		{FF6D5823-C858-4B17-9195-54CBE2EF7C21}.Debug|Any CPU.ActiveCfg = Debug|Any CPU
		{FF6D5823-C858-4B17-9195-54CBE2EF7C21}.Debug|Any CPU.Build.0 = Debug|Any CPU
		{FF6D5823-C858-4B17-9195-54CBE2EF7C21}.Release|Any CPU.ActiveCfg = Release|Any CPU
		{FF6D5823-C858-4B17-9195-54CBE2EF7C21}.Release|Any CPU.Build.0 = Release|Any CPU
		{F338D4D7-75B5-4074-89CC-2334200F1EAF}.Debug|Any CPU.ActiveCfg = Debug|Any CPU
		{F338D4D7-75B5-4074-89CC-2334200F1EAF}.Debug|Any CPU.Build.0 = Debug|Any CPU
		{F338D4D7-75B5-4074-89CC-2334200F1EAF}.Release|Any CPU.ActiveCfg = Release|Any CPU
		{F338D4D7-75B5-4074-89CC-2334200F1EAF}.Release|Any CPU.Build.0 = Release|Any CPU
		{3800E57B-24C5-4476-AA3D-BA9F70F1B04C}.Debug|Any CPU.ActiveCfg = Debug|Any CPU
		{3800E57B-24C5-4476-AA3D-BA9F70F1B04C}.Debug|Any CPU.Build.0 = Debug|Any CPU
		{3800E57B-24C5-4476-AA3D-BA9F70F1B04C}.Release|Any CPU.ActiveCfg = Release|Any CPU
		{3800E57B-24C5-4476-AA3D-BA9F70F1B04C}.Release|Any CPU.Build.0 = Release|Any CPU
		{4E14D583-7107-4736-B16C-1C2C50795DEE}.Debug|Any CPU.ActiveCfg = Debug|Any CPU
		{4E14D583-7107-4736-B16C-1C2C50795DEE}.Debug|Any CPU.Build.0 = Debug|Any CPU
		{4E14D583-7107-4736-B16C-1C2C50795DEE}.Release|Any CPU.ActiveCfg = Release|Any CPU
		{4E14D583-7107-4736-B16C-1C2C50795DEE}.Release|Any CPU.Build.0 = Release|Any CPU
		{5FC36F69-7AE7-4DC3-BE84-323BB06F59C0}.Debug|Any CPU.ActiveCfg = Debug|Any CPU
		{5FC36F69-7AE7-4DC3-BE84-323BB06F59C0}.Debug|Any CPU.Build.0 = Debug|Any CPU
		{5FC36F69-7AE7-4DC3-BE84-323BB06F59C0}.Release|Any CPU.ActiveCfg = Release|Any CPU
		{5FC36F69-7AE7-4DC3-BE84-323BB06F59C0}.Release|Any CPU.Build.0 = Release|Any CPU
		{39C781EC-CCAC-492B-BF8A-1CE4B8E4A59E}.Debug|Any CPU.ActiveCfg = Debug|Any CPU
		{39C781EC-CCAC-492B-BF8A-1CE4B8E4A59E}.Debug|Any CPU.Build.0 = Debug|Any CPU
		{39C781EC-CCAC-492B-BF8A-1CE4B8E4A59E}.Release|Any CPU.ActiveCfg = Release|Any CPU
		{39C781EC-CCAC-492B-BF8A-1CE4B8E4A59E}.Release|Any CPU.Build.0 = Release|Any CPU
		{10AF60DA-168C-4CF7-AEE7-1F16B86A1282}.Debug|Any CPU.ActiveCfg = Debug|Any CPU
		{10AF60DA-168C-4CF7-AEE7-1F16B86A1282}.Debug|Any CPU.Build.0 = Debug|Any CPU
		{10AF60DA-168C-4CF7-AEE7-1F16B86A1282}.Release|Any CPU.ActiveCfg = Release|Any CPU
		{10AF60DA-168C-4CF7-AEE7-1F16B86A1282}.Release|Any CPU.Build.0 = Release|Any CPU
		{82AC652A-5491-44B1-8237-FBC11D1AA1B2}.Debug|Any CPU.ActiveCfg = Debug|Any CPU
		{82AC652A-5491-44B1-8237-FBC11D1AA1B2}.Debug|Any CPU.Build.0 = Debug|Any CPU
		{82AC652A-5491-44B1-8237-FBC11D1AA1B2}.Release|Any CPU.ActiveCfg = Release|Any CPU
		{82AC652A-5491-44B1-8237-FBC11D1AA1B2}.Release|Any CPU.Build.0 = Release|Any CPU
		{C9F5C495-5A0C-4558-ACE9-1465A073FFB9}.Debug|Any CPU.ActiveCfg = Debug|Any CPU
		{C9F5C495-5A0C-4558-ACE9-1465A073FFB9}.Debug|Any CPU.Build.0 = Debug|Any CPU
		{C9F5C495-5A0C-4558-ACE9-1465A073FFB9}.Release|Any CPU.ActiveCfg = Release|Any CPU
		{C9F5C495-5A0C-4558-ACE9-1465A073FFB9}.Release|Any CPU.Build.0 = Release|Any CPU
		{E5C23FBE-80B7-4EEA-A240-3E9A8DDF67CB}.Debug|Any CPU.ActiveCfg = Debug|Any CPU
		{E5C23FBE-80B7-4EEA-A240-3E9A8DDF67CB}.Debug|Any CPU.Build.0 = Debug|Any CPU
		{E5C23FBE-80B7-4EEA-A240-3E9A8DDF67CB}.Release|Any CPU.ActiveCfg = Release|Any CPU
		{E5C23FBE-80B7-4EEA-A240-3E9A8DDF67CB}.Release|Any CPU.Build.0 = Release|Any CPU
		{BA6D31B6-5798-498B-83F2-D97B59063187}.Debug|Any CPU.ActiveCfg = Debug|Any CPU
		{BA6D31B6-5798-498B-83F2-D97B59063187}.Debug|Any CPU.Build.0 = Debug|Any CPU
		{BA6D31B6-5798-498B-83F2-D97B59063187}.Release|Any CPU.ActiveCfg = Release|Any CPU
		{BA6D31B6-5798-498B-83F2-D97B59063187}.Release|Any CPU.Build.0 = Release|Any CPU
		{E74D049B-2196-4CDD-89B6-7C8442A4CDA9}.Debug|Any CPU.ActiveCfg = Debug|Any CPU
		{E74D049B-2196-4CDD-89B6-7C8442A4CDA9}.Debug|Any CPU.Build.0 = Debug|Any CPU
		{E74D049B-2196-4CDD-89B6-7C8442A4CDA9}.Release|Any CPU.ActiveCfg = Release|Any CPU
		{E74D049B-2196-4CDD-89B6-7C8442A4CDA9}.Release|Any CPU.Build.0 = Release|Any CPU
		{BAEE3763-0B7F-4987-8F57-4B36C3FD146A}.Debug|Any CPU.ActiveCfg = Debug|Any CPU
		{BAEE3763-0B7F-4987-8F57-4B36C3FD146A}.Debug|Any CPU.Build.0 = Debug|Any CPU
		{BAEE3763-0B7F-4987-8F57-4B36C3FD146A}.Release|Any CPU.ActiveCfg = Release|Any CPU
		{BAEE3763-0B7F-4987-8F57-4B36C3FD146A}.Release|Any CPU.Build.0 = Release|Any CPU
		{91FB0A86-AAD3-4310-B077-EC559DC36660}.Debug|Any CPU.ActiveCfg = Debug|Any CPU
		{91FB0A86-AAD3-4310-B077-EC559DC36660}.Debug|Any CPU.Build.0 = Debug|Any CPU
		{91FB0A86-AAD3-4310-B077-EC559DC36660}.Release|Any CPU.ActiveCfg = Release|Any CPU
		{91FB0A86-AAD3-4310-B077-EC559DC36660}.Release|Any CPU.Build.0 = Release|Any CPU
		{B3E02260-AEC6-499D-97DB-B692BECB3F3C}.Debug|Any CPU.ActiveCfg = Debug|Any CPU
		{B3E02260-AEC6-499D-97DB-B692BECB3F3C}.Debug|Any CPU.Build.0 = Debug|Any CPU
		{B3E02260-AEC6-499D-97DB-B692BECB3F3C}.Release|Any CPU.ActiveCfg = Release|Any CPU
		{B3E02260-AEC6-499D-97DB-B692BECB3F3C}.Release|Any CPU.Build.0 = Release|Any CPU
		{445165FA-47CB-4C89-8B25-7CB16767DCB6}.Debug|Any CPU.ActiveCfg = Debug|Any CPU
		{445165FA-47CB-4C89-8B25-7CB16767DCB6}.Debug|Any CPU.Build.0 = Debug|Any CPU
		{445165FA-47CB-4C89-8B25-7CB16767DCB6}.Release|Any CPU.ActiveCfg = Release|Any CPU
		{445165FA-47CB-4C89-8B25-7CB16767DCB6}.Release|Any CPU.Build.0 = Release|Any CPU
		{3B79EAA1-E805-4C3E-A83B-32A379A31E81}.Debug|Any CPU.ActiveCfg = Debug|Any CPU
		{3B79EAA1-E805-4C3E-A83B-32A379A31E81}.Debug|Any CPU.Build.0 = Debug|Any CPU
		{3B79EAA1-E805-4C3E-A83B-32A379A31E81}.Release|Any CPU.ActiveCfg = Release|Any CPU
		{3B79EAA1-E805-4C3E-A83B-32A379A31E81}.Release|Any CPU.Build.0 = Release|Any CPU
		{2BA1BD6F-0C9A-477D-BC44-6E6C5F138B59}.Debug|Any CPU.ActiveCfg = Debug|Any CPU
		{2BA1BD6F-0C9A-477D-BC44-6E6C5F138B59}.Debug|Any CPU.Build.0 = Debug|Any CPU
		{2BA1BD6F-0C9A-477D-BC44-6E6C5F138B59}.Release|Any CPU.ActiveCfg = Release|Any CPU
		{2BA1BD6F-0C9A-477D-BC44-6E6C5F138B59}.Release|Any CPU.Build.0 = Release|Any CPU
		{1185371D-F9AD-459B-8E80-CFFB337BCD24}.Debug|Any CPU.ActiveCfg = Debug|Any CPU
		{1185371D-F9AD-459B-8E80-CFFB337BCD24}.Debug|Any CPU.Build.0 = Debug|Any CPU
		{1185371D-F9AD-459B-8E80-CFFB337BCD24}.Release|Any CPU.ActiveCfg = Release|Any CPU
		{1185371D-F9AD-459B-8E80-CFFB337BCD24}.Release|Any CPU.Build.0 = Release|Any CPU
		{BAF5AD4C-9E99-4398-BA7D-804606D56F18}.Debug|Any CPU.ActiveCfg = Debug|Any CPU
		{BAF5AD4C-9E99-4398-BA7D-804606D56F18}.Debug|Any CPU.Build.0 = Debug|Any CPU
		{BAF5AD4C-9E99-4398-BA7D-804606D56F18}.Release|Any CPU.ActiveCfg = Release|Any CPU
		{BAF5AD4C-9E99-4398-BA7D-804606D56F18}.Release|Any CPU.Build.0 = Release|Any CPU
		{71803C2D-169B-4424-8273-D1A784372D36}.Debug|Any CPU.ActiveCfg = Debug|Any CPU
		{71803C2D-169B-4424-8273-D1A784372D36}.Debug|Any CPU.Build.0 = Debug|Any CPU
		{71803C2D-169B-4424-8273-D1A784372D36}.Release|Any CPU.ActiveCfg = Release|Any CPU
		{71803C2D-169B-4424-8273-D1A784372D36}.Release|Any CPU.Build.0 = Release|Any CPU
		{2DEBE708-7AAC-46CB-BE52-2FD0E2658F34}.Debug|Any CPU.ActiveCfg = Debug|Any CPU
		{2DEBE708-7AAC-46CB-BE52-2FD0E2658F34}.Debug|Any CPU.Build.0 = Debug|Any CPU
		{2DEBE708-7AAC-46CB-BE52-2FD0E2658F34}.Release|Any CPU.ActiveCfg = Release|Any CPU
		{2DEBE708-7AAC-46CB-BE52-2FD0E2658F34}.Release|Any CPU.Build.0 = Release|Any CPU
	EndGlobalSection
	GlobalSection(NestedProjects) = preSolution
		{BCB5C20D-45A8-4441-993B-633D236FB959} = {C68ECA19-44DF-410E-955B-EF0E1C69F463}
		{6CCF6D6B-1852-4DEA-8E5C-940EF980CD97} = {BCB5C20D-45A8-4441-993B-633D236FB959}
		{ACFC1FC5-26ED-4F1E-BEE4-990E1446F146} = {BCB5C20D-45A8-4441-993B-633D236FB959}
		{F338BF43-7D5D-4BF6-BBAC-9BE00C8112FF} = {BCB5C20D-45A8-4441-993B-633D236FB959}
		{6734247F-8DAA-4E58-970A-B85888AC57F2} = {BCB5C20D-45A8-4441-993B-633D236FB959}
		{0775F0FA-16F7-4BB6-B68A-C0B441930FB7} = {C68ECA19-44DF-410E-955B-EF0E1C69F463}
		{EAED8A2F-17D6-4BCD-99CC-91327A114CBC} = {0775F0FA-16F7-4BB6-B68A-C0B441930FB7}
		{007581B6-3272-485A-850D-7BC673CD7469} = {C68ECA19-44DF-410E-955B-EF0E1C69F463}
		{53DC0AC0-213F-4EE7-9200-7DA5EE578FE4} = {007581B6-3272-485A-850D-7BC673CD7469}
		{C512B796-FF34-4B9E-8BA2-3F5F03FC0C4C} = {007581B6-3272-485A-850D-7BC673CD7469}
		{055CE5F3-B388-41D3-B212-A0B4E3823703} = {C68ECA19-44DF-410E-955B-EF0E1C69F463}
		{A620712D-AA05-4B9A-ACE2-28936CD1EE03} = {055CE5F3-B388-41D3-B212-A0B4E3823703}
		{CC846ECE-71C3-412D-AA90-7A45C0BBD572} = {055CE5F3-B388-41D3-B212-A0B4E3823703}
		{F15D869D-60BA-4510-B7A0-10B95E4C05C8} = {055CE5F3-B388-41D3-B212-A0B4E3823703}
		{82D5A227-3184-4519-90F5-2DC12C4F0F4F} = {C68ECA19-44DF-410E-955B-EF0E1C69F463}
		{258A34EF-0098-49BC-BFC7-D5BC72083951} = {82D5A227-3184-4519-90F5-2DC12C4F0F4F}
		{67CD4162-D481-43CA-9C5D-4C9D787AB44C} = {82D5A227-3184-4519-90F5-2DC12C4F0F4F}
		{3987A916-4230-4C37-B744-DA6EE785910E} = {82D5A227-3184-4519-90F5-2DC12C4F0F4F}
		{B0F3280B-EE38-4E47-B2FD-CAAF41659043} = {82D5A227-3184-4519-90F5-2DC12C4F0F4F}
		{3A8DA344-62F8-48E8-A781-DFB94D13F46A} = {C68ECA19-44DF-410E-955B-EF0E1C69F463}
		{2FA71ED5-DBF6-4700-BB7E-C708017A3CFE} = {3A8DA344-62F8-48E8-A781-DFB94D13F46A}
		{2CF192C1-2D5F-4449-96E5-92725AFDBC73} = {C68ECA19-44DF-410E-955B-EF0E1C69F463}
		{61D95111-29A8-49AD-A28E-07B43B8266CF} = {2CF192C1-2D5F-4449-96E5-92725AFDBC73}
		{A203E69A-2C31-4BB9-BE62-D27481C3F0C7} = {2CF192C1-2D5F-4449-96E5-92725AFDBC73}
		{D9B62A01-5F65-4778-AF4A-A92C9509369F} = {2CF192C1-2D5F-4449-96E5-92725AFDBC73}
		{FF6D5823-C858-4B17-9195-54CBE2EF7C21} = {2CF192C1-2D5F-4449-96E5-92725AFDBC73}
		{DAEE0269-B957-4FC1-8EC6-718E260A6EA2} = {C68ECA19-44DF-410E-955B-EF0E1C69F463}
		{F338D4D7-75B5-4074-89CC-2334200F1EAF} = {DAEE0269-B957-4FC1-8EC6-718E260A6EA2}
		{3800E57B-24C5-4476-AA3D-BA9F70F1B04C} = {DAEE0269-B957-4FC1-8EC6-718E260A6EA2}
		{4E14D583-7107-4736-B16C-1C2C50795DEE} = {DAEE0269-B957-4FC1-8EC6-718E260A6EA2}
		{5FC36F69-7AE7-4DC3-BE84-323BB06F59C0} = {DAEE0269-B957-4FC1-8EC6-718E260A6EA2}
		{39C781EC-CCAC-492B-BF8A-1CE4B8E4A59E} = {DAEE0269-B957-4FC1-8EC6-718E260A6EA2}
		{10AF60DA-168C-4CF7-AEE7-1F16B86A1282} = {DAEE0269-B957-4FC1-8EC6-718E260A6EA2}
		{82AC652A-5491-44B1-8237-FBC11D1AA1B2} = {1DD90D70-65E2-4665-B813-8EF24407CF7F}
		{C9F5C495-5A0C-4558-ACE9-1465A073FFB9} = {1DD90D70-65E2-4665-B813-8EF24407CF7F}
		{E5C23FBE-80B7-4EEA-A240-3E9A8DDF67CB} = {1DD90D70-65E2-4665-B813-8EF24407CF7F}
		{BA6D31B6-5798-498B-83F2-D97B59063187} = {1DD90D70-65E2-4665-B813-8EF24407CF7F}
		{E74D049B-2196-4CDD-89B6-7C8442A4CDA9} = {AF37749E-C656-454F-9F88-7F91491175D4}
		{BAEE3763-0B7F-4987-8F57-4B36C3FD146A} = {AF37749E-C656-454F-9F88-7F91491175D4}
		{91FB0A86-AAD3-4310-B077-EC559DC36660} = {AF37749E-C656-454F-9F88-7F91491175D4}
		{B3E02260-AEC6-499D-97DB-B692BECB3F3C} = {AF37749E-C656-454F-9F88-7F91491175D4}
		{445165FA-47CB-4C89-8B25-7CB16767DCB6} = {6D20B757-50AA-4682-A443-0C5F2FCBC3DE}
		{3B79EAA1-E805-4C3E-A83B-32A379A31E81} = {6D20B757-50AA-4682-A443-0C5F2FCBC3DE}
		{2BA1BD6F-0C9A-477D-BC44-6E6C5F138B59} = {664531B1-962E-46C9-B080-F5E89A1E6E53}
		{1185371D-F9AD-459B-8E80-CFFB337BCD24} = {664531B1-962E-46C9-B080-F5E89A1E6E53}
		{709B3098-DCAC-4140-8A95-49B709F44D0E} = {C68ECA19-44DF-410E-955B-EF0E1C69F463}
		{BAF5AD4C-9E99-4398-BA7D-804606D56F18} = {709B3098-DCAC-4140-8A95-49B709F44D0E}
		{71803C2D-169B-4424-8273-D1A784372D36} = {709B3098-DCAC-4140-8A95-49B709F44D0E}
		{821B54DA-2379-4849-AEF5-B6F333C613CC} = {C68ECA19-44DF-410E-955B-EF0E1C69F463}
		{2DEBE708-7AAC-46CB-BE52-2FD0E2658F34} = {821B54DA-2379-4849-AEF5-B6F333C613CC}
	EndGlobalSection
EndGlobal
