Microsoft Visual Studio Solution File, Format Version 12.00
# Visual Studio Version 17
VisualStudioVersion = 17.5.2.0
MinimumVisualStudioVersion = 10.0.40219.1
Project("{2150E333-8FDC-42A3-9474-1A3956D46DE8}") = "caching", "caching", "{4D8196E1-8361-B09B-ECAE-124AA5FE72C6}"
EndProject
Project("{2150E333-8FDC-42A3-9474-1A3956D46DE8}") = "core", "core", "{FBF56CC3-7AE6-AD2D-3F14-7F97FD322CD6}"
EndProject
Project("{2150E333-8FDC-42A3-9474-1A3956D46DE8}") = "data", "data", "{015FE221-96B2-289B-A0E8-6E7354784A75}"
EndProject
Project("{2150E333-8FDC-42A3-9474-1A3956D46DE8}") = "diagnostics", "diagnostics", "{104D6D83-5915-BAB6-8369-38FF5955A492}"
EndProject
Project("{2150E333-8FDC-42A3-9474-1A3956D46DE8}") = "messaging", "messaging", "{AA81E3CF-C1BB-70B4-13CB-5131BB298347}"
EndProject
Project("{2150E333-8FDC-42A3-9474-1A3956D46DE8}") = "notifications", "notifications", "{C30EA34C-96E3-EEAB-A84E-085AED71DD06}"
EndProject
Project("{2150E333-8FDC-42A3-9474-1A3956D46DE8}") = "security", "security", "{4FD5FBA0-2B6D-9AF0-80AB-924D53C1394D}"
EndProject
Project("{2150E333-8FDC-42A3-9474-1A3956D46DE8}") = "storage", "storage", "{2F2B95E5-6225-D1F4-CACB-8A4C26993FF3}"
EndProject
Project("{FAE04EC0-301F-11D3-BF4B-00C04F79EFBC}") = "Jaina.Caching", "caching\Jaina.Caching\Jaina.Caching.csproj", "{200FE66E-DE04-2ADC-AC15-B4B6C70CAC54}"
EndProject
Project("{FAE04EC0-301F-11D3-BF4B-00C04F79EFBC}") = "Jaina.Caching.Fusion", "caching\Jaina.Caching.Fusion\Jaina.Caching.Fusion.csproj", "{EB3BFB4D-8682-A1C2-ECA8-9432284E6462}"
EndProject
Project("{FAE04EC0-301F-11D3-BF4B-00C04F79EFBC}") = "Jaina.Caching.Memory", "caching\Jaina.Caching.Memory\Jaina.Caching.Memory.csproj", "{073DCC1C-0CE5-EF1C-379F-48B8B1088486}"
EndProject
Project("{FAE04EC0-301F-11D3-BF4B-00C04F79EFBC}") = "Jaina.Caching.Redis", "caching\Jaina.Caching.Redis\Jaina.Caching.Redis.csproj", "{F820748A-1125-B946-DD1D-BEDCA2F8C50B}"
EndProject
Project("{FAE04EC0-301F-11D3-BF4B-00C04F79EFBC}") = "Jaina.Core", "core\Jaina.Core\Jaina.Core.csproj", "{BA785F08-96BB-F941-7D3C-9B6F0EBB00A5}"
EndProject
Project("{FAE04EC0-301F-11D3-BF4B-00C04F79EFBC}") = "Jaina.Data", "data\Jaina.Data\Jaina.Data.csproj", "{2632DD7B-1DCB-AEAF-15EB-C8022EA24395}"
EndProject
Project("{FAE04EC0-301F-11D3-BF4B-00C04F79EFBC}") = "Jaina.Data.Cqrs", "data\Jaina.Data.Cqrs\Jaina.Data.Cqrs.csproj", "{7E0FADBA-970D-0F3D-DE89-7C28F09E95AE}"
EndProject
Project("{FAE04EC0-301F-11D3-BF4B-00C04F79EFBC}") = "Jaina.Diagnostics", "diagnostics\Jaina.Diagnostics\Jaina.Diagnostics.csproj", "{D4F489E6-8F6D-2BBC-2BC7-59F1A890CE9E}"
EndProject
Project("{FAE04EC0-301F-11D3-BF4B-00C04F79EFBC}") = "Jaina.Diagnostics.ApplicationInsights", "diagnostics\Jaina.Diagnostics.ApplicationInsights\Jaina.Diagnostics.ApplicationInsights.csproj", "{6A277111-6598-2821-A215-B7081B87B64A}"
EndProject
Project("{FAE04EC0-301F-11D3-BF4B-00C04F79EFBC}") = "Jaina.Diagnostics.ElasticApm", "diagnostics\Jaina.Diagnostics.ElasticApm\Jaina.Diagnostics.ElasticApm.csproj", "{2BAEB066-4E3C-01EB-934D-336553D4E4F0}"
EndProject
Project("{FAE04EC0-301F-11D3-BF4B-00C04F79EFBC}") = "Jaina.Diagnostics.NLog", "diagnostics\Jaina.Diagnostics.NLog\Jaina.Diagnostics.NLog.csproj", "{1D945868-CC1D-7797-1822-FC69D20E5732}"
EndProject
Project("{FAE04EC0-301F-11D3-BF4B-00C04F79EFBC}") = "Jaina.Messaging", "messaging\Jaina.Messaging\Jaina.Messaging.csproj", "{17F5B081-39B0-35AC-3F26-37E1AD972EDC}"
EndProject
Project("{FAE04EC0-301F-11D3-BF4B-00C04F79EFBC}") = "Jaina.Messaging.AzureServiceBus", "messaging\Jaina.Messaging.AzureServiceBus\Jaina.Messaging.AzureServiceBus.csproj", "{33646C1B-6808-C450-702A-41B6625BB503}"
EndProject
Project("{FAE04EC0-301F-11D3-BF4B-00C04F79EFBC}") = "Jaina.Messaging.Broadcast", "messaging\Jaina.Messaging.Broadcast\Jaina.Messaging.Broadcast.csproj", "{57E7AC5C-16FD-2635-5068-443417CF42A6}"
EndProject
Project("{FAE04EC0-301F-11D3-BF4B-00C04F79EFBC}") = "Jaina.Messaging.RabbitMQ", "messaging\Jaina.Messaging.RabbitMQ\Jaina.Messaging.RabbitMQ.csproj", "{F0EA5BCB-63DA-4A9B-9A7C-D82EABBB2C2D}"
EndProject
Project("{FAE04EC0-301F-11D3-BF4B-00C04F79EFBC}") = "Jaina.Notifications", "notifications\Jaina.Notifications\Jaina.Notifications.csproj", "{36DC036B-F266-78F0-4012-AF01AEE6F6F3}"
EndProject
Project("{FAE04EC0-301F-11D3-BF4B-00C04F79EFBC}") = "Jaina.Security", "security\Jaina.Security\Jaina.Security.csproj", "{72254B25-EB21-47DC-E9E1-833045B62FB2}"
EndProject
Project("{FAE04EC0-301F-11D3-BF4B-00C04F79EFBC}") = "Jaina.Security.Authentication", "security\Jaina.Security.Authentication\Jaina.Security.Authentication.csproj", "{67F73389-E669-D1F9-8601-8419A3031B2E}"
EndProject
Project("{FAE04EC0-301F-11D3-BF4B-00C04F79EFBC}") = "Jaina.Security.Authentication.Client", "security\Jaina.Security.Authentication.Client\Jaina.Security.Authentication.Client.csproj", "{8B3CEF5C-A33D-4100-164C-E36B0519D7FE}"
EndProject
Project("{FAE04EC0-301F-11D3-BF4B-00C04F79EFBC}") = "Jaina.Security.KeyVault", "security\Jaina.Security.KeyVault\Jaina.Security.KeyVault.csproj", "{8D4B8AF5-DE7C-6CE8-84AC-50FF0304B086}"
EndProject
Project("{FAE04EC0-301F-11D3-BF4B-00C04F79EFBC}") = "Jaina.Storage", "storage\Jaina.Storage\Jaina.Storage.csproj", "{6473659A-0CAE-9880-03DC-9FBFE265446A}"
EndProject
Project("{FAE04EC0-301F-11D3-BF4B-00C04F79EFBC}") = "Jaina.Storage.AzureBlob", "storage\Jaina.Storage.AzureBlob\Jaina.Storage.AzureBlob.csproj", "{D888AC44-4D60-378A-CF77-38ACF260FE1F}"
EndProject
Project("{FAE04EC0-301F-11D3-BF4B-00C04F79EFBC}") = "Jaina.Storage.AzureFileShare", "storage\Jaina.Storage.AzureFileShare\Jaina.Storage.AzureFileShare.csproj", "{10B023BF-A1E1-A3D5-1F12-13E88EB0119C}"
EndProject
Project("{FAE04EC0-301F-11D3-BF4B-00C04F79EFBC}") = "Jaina.Storage.Compression", "storage\Jaina.Storage.Compression\Jaina.Storage.Compression.csproj", "{5739A261-DFD0-78C3-5C59-500CABAC36A4}"
EndProject
Project("{FAE04EC0-301F-11D3-BF4B-00C04F79EFBC}") = "Jaina.Storage.Local", "storage\Jaina.Storage.Local\Jaina.Storage.Local.csproj", "{679220AB-3A68-A18B-198D-8D4FC234B4DD}"
EndProject
Project("{FAE04EC0-301F-11D3-BF4B-00C04F79EFBC}") = "Jaina.Storage.Sftp", "storage\Jaina.Storage.Sftp\Jaina.Storage.Sftp.csproj", "{E5BA34F4-F215-774F-E4D2-6764BCCAB5AF}"
EndProject
Global
	GlobalSection(SolutionConfigurationPlatforms) = preSolution
		Debug|Any CPU = Debug|Any CPU
		Release|Any CPU = Release|Any CPU
	EndGlobalSection
	GlobalSection(ProjectConfigurationPlatforms) = postSolution
		{200FE66E-DE04-2ADC-AC15-B4B6C70CAC54}.Debug|Any CPU.ActiveCfg = Debug|Any CPU
		{200FE66E-DE04-2ADC-AC15-B4B6C70CAC54}.Debug|Any CPU.Build.0 = Debug|Any CPU
		{200FE66E-DE04-2ADC-AC15-B4B6C70CAC54}.Release|Any CPU.ActiveCfg = Release|Any CPU
		{200FE66E-DE04-2ADC-AC15-B4B6C70CAC54}.Release|Any CPU.Build.0 = Release|Any CPU
		{EB3BFB4D-8682-A1C2-ECA8-9432284E6462}.Debug|Any CPU.ActiveCfg = Debug|Any CPU
		{EB3BFB4D-8682-A1C2-ECA8-9432284E6462}.Debug|Any CPU.Build.0 = Debug|Any CPU
		{EB3BFB4D-8682-A1C2-ECA8-9432284E6462}.Release|Any CPU.ActiveCfg = Release|Any CPU
		{EB3BFB4D-8682-A1C2-ECA8-9432284E6462}.Release|Any CPU.Build.0 = Release|Any CPU
		{073DCC1C-0CE5-EF1C-379F-48B8B1088486}.Debug|Any CPU.ActiveCfg = Debug|Any CPU
		{073DCC1C-0CE5-EF1C-379F-48B8B1088486}.Debug|Any CPU.Build.0 = Debug|Any CPU
		{073DCC1C-0CE5-EF1C-379F-48B8B1088486}.Release|Any CPU.ActiveCfg = Release|Any CPU
		{073DCC1C-0CE5-EF1C-379F-48B8B1088486}.Release|Any CPU.Build.0 = Release|Any CPU
		{F820748A-1125-B946-DD1D-BEDCA2F8C50B}.Debug|Any CPU.ActiveCfg = Debug|Any CPU
		{F820748A-1125-B946-DD1D-BEDCA2F8C50B}.Debug|Any CPU.Build.0 = Debug|Any CPU
		{F820748A-1125-B946-DD1D-BEDCA2F8C50B}.Release|Any CPU.ActiveCfg = Release|Any CPU
		{F820748A-1125-B946-DD1D-BEDCA2F8C50B}.Release|Any CPU.Build.0 = Release|Any CPU
		{BA785F08-96BB-F941-7D3C-9B6F0EBB00A5}.Debug|Any CPU.ActiveCfg = Debug|Any CPU
		{BA785F08-96BB-F941-7D3C-9B6F0EBB00A5}.Debug|Any CPU.Build.0 = Debug|Any CPU
		{BA785F08-96BB-F941-7D3C-9B6F0EBB00A5}.Release|Any CPU.ActiveCfg = Release|Any CPU
		{BA785F08-96BB-F941-7D3C-9B6F0EBB00A5}.Release|Any CPU.Build.0 = Release|Any CPU
		{2632DD7B-1DCB-AEAF-15EB-C8022EA24395}.Debug|Any CPU.ActiveCfg = Debug|Any CPU
		{2632DD7B-1DCB-AEAF-15EB-C8022EA24395}.Debug|Any CPU.Build.0 = Debug|Any CPU
		{2632DD7B-1DCB-AEAF-15EB-C8022EA24395}.Release|Any CPU.ActiveCfg = Release|Any CPU
		{2632DD7B-1DCB-AEAF-15EB-C8022EA24395}.Release|Any CPU.Build.0 = Release|Any CPU
		{7E0FADBA-970D-0F3D-DE89-7C28F09E95AE}.Debug|Any CPU.ActiveCfg = Debug|Any CPU
		{7E0FADBA-970D-0F3D-DE89-7C28F09E95AE}.Debug|Any CPU.Build.0 = Debug|Any CPU
		{7E0FADBA-970D-0F3D-DE89-7C28F09E95AE}.Release|Any CPU.ActiveCfg = Release|Any CPU
		{7E0FADBA-970D-0F3D-DE89-7C28F09E95AE}.Release|Any CPU.Build.0 = Release|Any CPU
		{D4F489E6-8F6D-2BBC-2BC7-59F1A890CE9E}.Debug|Any CPU.ActiveCfg = Debug|Any CPU
		{D4F489E6-8F6D-2BBC-2BC7-59F1A890CE9E}.Debug|Any CPU.Build.0 = Debug|Any CPU
		{D4F489E6-8F6D-2BBC-2BC7-59F1A890CE9E}.Release|Any CPU.ActiveCfg = Release|Any CPU
		{D4F489E6-8F6D-2BBC-2BC7-59F1A890CE9E}.Release|Any CPU.Build.0 = Release|Any CPU
		{6A277111-6598-2821-A215-B7081B87B64A}.Debug|Any CPU.ActiveCfg = Debug|Any CPU
		{6A277111-6598-2821-A215-B7081B87B64A}.Debug|Any CPU.Build.0 = Debug|Any CPU
		{6A277111-6598-2821-A215-B7081B87B64A}.Release|Any CPU.ActiveCfg = Release|Any CPU
		{6A277111-6598-2821-A215-B7081B87B64A}.Release|Any CPU.Build.0 = Release|Any CPU
		{2BAEB066-4E3C-01EB-934D-336553D4E4F0}.Debug|Any CPU.ActiveCfg = Debug|Any CPU
		{2BAEB066-4E3C-01EB-934D-336553D4E4F0}.Debug|Any CPU.Build.0 = Debug|Any CPU
		{2BAEB066-4E3C-01EB-934D-336553D4E4F0}.Release|Any CPU.ActiveCfg = Release|Any CPU
		{2BAEB066-4E3C-01EB-934D-336553D4E4F0}.Release|Any CPU.Build.0 = Release|Any CPU
		{1D945868-CC1D-7797-1822-FC69D20E5732}.Debug|Any CPU.ActiveCfg = Debug|Any CPU
		{1D945868-CC1D-7797-1822-FC69D20E5732}.Debug|Any CPU.Build.0 = Debug|Any CPU
		{1D945868-CC1D-7797-1822-FC69D20E5732}.Release|Any CPU.ActiveCfg = Release|Any CPU
		{1D945868-CC1D-7797-1822-FC69D20E5732}.Release|Any CPU.Build.0 = Release|Any CPU
		{17F5B081-39B0-35AC-3F26-37E1AD972EDC}.Debug|Any CPU.ActiveCfg = Debug|Any CPU
		{17F5B081-39B0-35AC-3F26-37E1AD972EDC}.Debug|Any CPU.Build.0 = Debug|Any CPU
		{17F5B081-39B0-35AC-3F26-37E1AD972EDC}.Release|Any CPU.ActiveCfg = Release|Any CPU
		{17F5B081-39B0-35AC-3F26-37E1AD972EDC}.Release|Any CPU.Build.0 = Release|Any CPU
		{33646C1B-6808-C450-702A-41B6625BB503}.Debug|Any CPU.ActiveCfg = Debug|Any CPU
		{33646C1B-6808-C450-702A-41B6625BB503}.Debug|Any CPU.Build.0 = Debug|Any CPU
		{33646C1B-6808-C450-702A-41B6625BB503}.Release|Any CPU.ActiveCfg = Release|Any CPU
		{33646C1B-6808-C450-702A-41B6625BB503}.Release|Any CPU.Build.0 = Release|Any CPU
		{57E7AC5C-16FD-2635-5068-443417CF42A6}.Debug|Any CPU.ActiveCfg = Debug|Any CPU
		{57E7AC5C-16FD-2635-5068-443417CF42A6}.Debug|Any CPU.Build.0 = Debug|Any CPU
		{57E7AC5C-16FD-2635-5068-443417CF42A6}.Release|Any CPU.ActiveCfg = Release|Any CPU
		{57E7AC5C-16FD-2635-5068-443417CF42A6}.Release|Any CPU.Build.0 = Release|Any CPU
		{F0EA5BCB-63DA-4A9B-9A7C-D82EABBB2C2D}.Debug|Any CPU.ActiveCfg = Debug|Any CPU
		{F0EA5BCB-63DA-4A9B-9A7C-D82EABBB2C2D}.Debug|Any CPU.Build.0 = Debug|Any CPU
		{F0EA5BCB-63DA-4A9B-9A7C-D82EABBB2C2D}.Release|Any CPU.ActiveCfg = Release|Any CPU
		{F0EA5BCB-63DA-4A9B-9A7C-D82EABBB2C2D}.Release|Any CPU.Build.0 = Release|Any CPU
		{36DC036B-F266-78F0-4012-AF01AEE6F6F3}.Debug|Any CPU.ActiveCfg = Debug|Any CPU
		{36DC036B-F266-78F0-4012-AF01AEE6F6F3}.Debug|Any CPU.Build.0 = Debug|Any CPU
		{36DC036B-F266-78F0-4012-AF01AEE6F6F3}.Release|Any CPU.ActiveCfg = Release|Any CPU
		{36DC036B-F266-78F0-4012-AF01AEE6F6F3}.Release|Any CPU.Build.0 = Release|Any CPU
		{72254B25-EB21-47DC-E9E1-833045B62FB2}.Debug|Any CPU.ActiveCfg = Debug|Any CPU
		{72254B25-EB21-47DC-E9E1-833045B62FB2}.Debug|Any CPU.Build.0 = Debug|Any CPU
		{72254B25-EB21-47DC-E9E1-833045B62FB2}.Release|Any CPU.ActiveCfg = Release|Any CPU
		{72254B25-EB21-47DC-E9E1-833045B62FB2}.Release|Any CPU.Build.0 = Release|Any CPU
		{67F73389-E669-D1F9-8601-8419A3031B2E}.Debug|Any CPU.ActiveCfg = Debug|Any CPU
		{67F73389-E669-D1F9-8601-8419A3031B2E}.Debug|Any CPU.Build.0 = Debug|Any CPU
		{67F73389-E669-D1F9-8601-8419A3031B2E}.Release|Any CPU.ActiveCfg = Release|Any CPU
		{67F73389-E669-D1F9-8601-8419A3031B2E}.Release|Any CPU.Build.0 = Release|Any CPU
		{8B3CEF5C-A33D-4100-164C-E36B0519D7FE}.Debug|Any CPU.ActiveCfg = Debug|Any CPU
		{8B3CEF5C-A33D-4100-164C-E36B0519D7FE}.Debug|Any CPU.Build.0 = Debug|Any CPU
		{8B3CEF5C-A33D-4100-164C-E36B0519D7FE}.Release|Any CPU.ActiveCfg = Release|Any CPU
		{8B3CEF5C-A33D-4100-164C-E36B0519D7FE}.Release|Any CPU.Build.0 = Release|Any CPU
		{8D4B8AF5-DE7C-6CE8-84AC-50FF0304B086}.Debug|Any CPU.ActiveCfg = Debug|Any CPU
		{8D4B8AF5-DE7C-6CE8-84AC-50FF0304B086}.Debug|Any CPU.Build.0 = Debug|Any CPU
		{8D4B8AF5-DE7C-6CE8-84AC-50FF0304B086}.Release|Any CPU.ActiveCfg = Release|Any CPU
		{8D4B8AF5-DE7C-6CE8-84AC-50FF0304B086}.Release|Any CPU.Build.0 = Release|Any CPU
		{6473659A-0CAE-9880-03DC-9FBFE265446A}.Debug|Any CPU.ActiveCfg = Debug|Any CPU
		{6473659A-0CAE-9880-03DC-9FBFE265446A}.Debug|Any CPU.Build.0 = Debug|Any CPU
		{6473659A-0CAE-9880-03DC-9FBFE265446A}.Release|Any CPU.ActiveCfg = Release|Any CPU
		{6473659A-0CAE-9880-03DC-9FBFE265446A}.Release|Any CPU.Build.0 = Release|Any CPU
		{D888AC44-4D60-378A-CF77-38ACF260FE1F}.Debug|Any CPU.ActiveCfg = Debug|Any CPU
		{D888AC44-4D60-378A-CF77-38ACF260FE1F}.Debug|Any CPU.Build.0 = Debug|Any CPU
		{D888AC44-4D60-378A-CF77-38ACF260FE1F}.Release|Any CPU.ActiveCfg = Release|Any CPU
		{D888AC44-4D60-378A-CF77-38ACF260FE1F}.Release|Any CPU.Build.0 = Release|Any CPU
		{10B023BF-A1E1-A3D5-1F12-13E88EB0119C}.Debug|Any CPU.ActiveCfg = Debug|Any CPU
		{10B023BF-A1E1-A3D5-1F12-13E88EB0119C}.Debug|Any CPU.Build.0 = Debug|Any CPU
		{10B023BF-A1E1-A3D5-1F12-13E88EB0119C}.Release|Any CPU.ActiveCfg = Release|Any CPU
		{10B023BF-A1E1-A3D5-1F12-13E88EB0119C}.Release|Any CPU.Build.0 = Release|Any CPU
		{5739A261-DFD0-78C3-5C59-500CABAC36A4}.Debug|Any CPU.ActiveCfg = Debug|Any CPU
		{5739A261-DFD0-78C3-5C59-500CABAC36A4}.Debug|Any CPU.Build.0 = Debug|Any CPU
		{5739A261-DFD0-78C3-5C59-500CABAC36A4}.Release|Any CPU.ActiveCfg = Release|Any CPU
		{5739A261-DFD0-78C3-5C59-500CABAC36A4}.Release|Any CPU.Build.0 = Release|Any CPU
		{679220AB-3A68-A18B-198D-8D4FC234B4DD}.Debug|Any CPU.ActiveCfg = Debug|Any CPU
		{679220AB-3A68-A18B-198D-8D4FC234B4DD}.Debug|Any CPU.Build.0 = Debug|Any CPU
		{679220AB-3A68-A18B-198D-8D4FC234B4DD}.Release|Any CPU.ActiveCfg = Release|Any CPU
		{679220AB-3A68-A18B-198D-8D4FC234B4DD}.Release|Any CPU.Build.0 = Release|Any CPU
		{E5BA34F4-F215-774F-E4D2-6764BCCAB5AF}.Debug|Any CPU.ActiveCfg = Debug|Any CPU
		{E5BA34F4-F215-774F-E4D2-6764BCCAB5AF}.Debug|Any CPU.Build.0 = Debug|Any CPU
		{E5BA34F4-F215-774F-E4D2-6764BCCAB5AF}.Release|Any CPU.ActiveCfg = Release|Any CPU
		{E5BA34F4-F215-774F-E4D2-6764BCCAB5AF}.Release|Any CPU.Build.0 = Release|Any CPU
	EndGlobalSection
	GlobalSection(SolutionProperties) = preSolution
		HideSolutionNode = FALSE
	EndGlobalSection
	GlobalSection(NestedProjects) = preSolution
		{200FE66E-DE04-2ADC-AC15-B4B6C70CAC54} = {4D8196E1-8361-B09B-ECAE-124AA5FE72C6}
		{EB3BFB4D-8682-A1C2-ECA8-9432284E6462} = {4D8196E1-8361-B09B-ECAE-124AA5FE72C6}
		{073DCC1C-0CE5-EF1C-379F-48B8B1088486} = {4D8196E1-8361-B09B-ECAE-124AA5FE72C6}
		{F820748A-1125-B946-DD1D-BEDCA2F8C50B} = {4D8196E1-8361-B09B-ECAE-124AA5FE72C6}
		{BA785F08-96BB-F941-7D3C-9B6F0EBB00A5} = {FBF56CC3-7AE6-AD2D-3F14-7F97FD322CD6}
		{2632DD7B-1DCB-AEAF-15EB-C8022EA24395} = {015FE221-96B2-289B-A0E8-6E7354784A75}
		{7E0FADBA-970D-0F3D-DE89-7C28F09E95AE} = {015FE221-96B2-289B-A0E8-6E7354784A75}
		{D4F489E6-8F6D-2BBC-2BC7-59F1A890CE9E} = {104D6D83-5915-BAB6-8369-38FF5955A492}
		{6A277111-6598-2821-A215-B7081B87B64A} = {104D6D83-5915-BAB6-8369-38FF5955A492}
		{2BAEB066-4E3C-01EB-934D-336553D4E4F0} = {104D6D83-5915-BAB6-8369-38FF5955A492}
		{1D945868-CC1D-7797-1822-FC69D20E5732} = {104D6D83-5915-BAB6-8369-38FF5955A492}
		{17F5B081-39B0-35AC-3F26-37E1AD972EDC} = {AA81E3CF-C1BB-70B4-13CB-5131BB298347}
		{33646C1B-6808-C450-702A-41B6625BB503} = {AA81E3CF-C1BB-70B4-13CB-5131BB298347}
		{57E7AC5C-16FD-2635-5068-443417CF42A6} = {AA81E3CF-C1BB-70B4-13CB-5131BB298347}
		{F0EA5BCB-63DA-4A9B-9A7C-D82EABBB2C2D} = {AA81E3CF-C1BB-70B4-13CB-5131BB298347}
		{36DC036B-F266-78F0-4012-AF01AEE6F6F3} = {C30EA34C-96E3-EEAB-A84E-085AED71DD06}
		{72254B25-EB21-47DC-E9E1-833045B62FB2} = {4FD5FBA0-2B6D-9AF0-80AB-924D53C1394D}
		{67F73389-E669-D1F9-8601-8419A3031B2E} = {4FD5FBA0-2B6D-9AF0-80AB-924D53C1394D}
		{8B3CEF5C-A33D-4100-164C-E36B0519D7FE} = {4FD5FBA0-2B6D-9AF0-80AB-924D53C1394D}
		{8D4B8AF5-DE7C-6CE8-84AC-50FF0304B086} = {4FD5FBA0-2B6D-9AF0-80AB-924D53C1394D}
		{6473659A-0CAE-9880-03DC-9FBFE265446A} = {2F2B95E5-6225-D1F4-CACB-8A4C26993FF3}
		{D888AC44-4D60-378A-CF77-38ACF260FE1F} = {2F2B95E5-6225-D1F4-CACB-8A4C26993FF3}
		{10B023BF-A1E1-A3D5-1F12-13E88EB0119C} = {2F2B95E5-6225-D1F4-CACB-8A4C26993FF3}
		{5739A261-DFD0-78C3-5C59-500CABAC36A4} = {2F2B95E5-6225-D1F4-CACB-8A4C26993FF3}
		{679220AB-3A68-A18B-198D-8D4FC234B4DD} = {2F2B95E5-6225-D1F4-CACB-8A4C26993FF3}
		{E5BA34F4-F215-774F-E4D2-6764BCCAB5AF} = {2F2B95E5-6225-D1F4-CACB-8A4C26993FF3}
	EndGlobalSection
	GlobalSection(ExtensibilityGlobals) = postSolution
		SolutionGuid = {26A9C47B-0936-48F6-8874-214B7E7251C0}
	EndGlobalSection
EndGlobal
